
Microsoft Visual Studio Solution File, Format Version 12.00
# Visual Studio Version 17
VisualStudioVersion = 17.7.34009.444
MinimumVisualStudioVersion = 10.0.40219.1
Project("{FAE04EC0-301F-11D3-BF4B-00C04F79EFBC}") = "WebApiDimag", "WebApiDimag.csproj", "{C059299E-BCE3-43A6-A98C-5FF7ED5EA7B2}"
EndProject
Global
	GlobalSection(SolutionConfigurationPlatforms) = preSolution
		Debug|Any CPU = Debug|Any CPU
		Release|Any CPU = Release|Any CPU
	EndGlobalSection
	GlobalSection(ProjectConfigurationPlatforms) = postSolution
		{C059299E-BCE3-43A6-A98C-5FF7ED5EA7B2}.Debug|Any CPU.ActiveCfg = Debug|Any CPU
		{C059299E-BCE3-43A6-A98C-5FF7ED5EA7B2}.Debug|Any CPU.Build.0 = Debug|Any CPU
		{C059299E-BCE3-43A6-A98C-5FF7ED5EA7B2}.Release|Any CPU.ActiveCfg = Release|Any CPU
		{C059299E-BCE3-43A6-A98C-5FF7ED5EA7B2}.Release|Any CPU.Build.0 = Release|Any CPU
	EndGlobalSection
	GlobalSection(SolutionProperties) = preSolution
		HideSolutionNode = FALSE
	EndGlobalSection
	GlobalSection(ExtensibilityGlobals) = postSolution
		SolutionGuid = {F0E35CF0-E7C4-43D7-863D-E4DE9F9565C8}
	EndGlobalSection
EndGlobal
